
Microsoft Visual Studio Solution File, Format Version 12.00
# Visual Studio Version 17
Project("{8BC9CEB8-8B4A-11D0-8D11-00A0C91BC942}") = "ALL_BUILD", "ALL_BUILD.vcxproj", "{243F709A-3EE8-3B14-B48E-3A7D06C5E278}"
	ProjectSection(ProjectDependencies) = postProject
		{5D929743-1F5D-3544-AE6F-4A3FDEB2C5CF} = {5D929743-1F5D-3544-AE6F-4A3FDEB2C5CF}
		{2887456F-9159-32E1-BD9E-940C17FB2035} = {2887456F-9159-32E1-BD9E-940C17FB2035}
		{5F3563F0-FCD6-3E78-863F-878525CAF7B4} = {5F3563F0-FCD6-3E78-863F-878525CAF7B4}
		{A012C4AE-FFFD-36CB-8B06-E85D1C62EFCF} = {A012C4AE-FFFD-36CB-8B06-E85D1C62EFCF}
	EndProjectSection
EndProject
Project("{8BC9CEB8-8B4A-11D0-8D11-00A0C91BC942}") = "PhysiK", "PhysiK.vcxproj", "{5D929743-1F5D-3544-AE6F-4A3FDEB2C5CF}"
	ProjectSection(ProjectDependencies) = postProject
		{A012C4AE-FFFD-36CB-8B06-E85D1C62EFCF} = {A012C4AE-FFFD-36CB-8B06-E85D1C62EFCF}
	EndProjectSection
EndProject
Project("{8BC9CEB8-8B4A-11D0-8D11-00A0C91BC942}") = "PhysiKMKLTests", "PhysiKMKLTests.vcxproj", "{2887456F-9159-32E1-BD9E-940C17FB2035}"
	ProjectSection(ProjectDependencies) = postProject
		{5D929743-1F5D-3544-AE6F-4A3FDEB2C5CF} = {5D929743-1F5D-3544-AE6F-4A3FDEB2C5CF}
		{A012C4AE-FFFD-36CB-8B06-E85D1C62EFCF} = {A012C4AE-FFFD-36CB-8B06-E85D1C62EFCF}
	EndProjectSection
EndProject
Project("{8BC9CEB8-8B4A-11D0-8D11-00A0C91BC942}") = "PhysiKTests", "PhysiKTests.vcxproj", "{5F3563F0-FCD6-3E78-863F-878525CAF7B4}"
	ProjectSection(ProjectDependencies) = postProject
		{5D929743-1F5D-3544-AE6F-4A3FDEB2C5CF} = {5D929743-1F5D-3544-AE6F-4A3FDEB2C5CF}
		{A012C4AE-FFFD-36CB-8B06-E85D1C62EFCF} = {A012C4AE-FFFD-36CB-8B06-E85D1C62EFCF}
	EndProjectSection
EndProject
Project("{8BC9CEB8-8B4A-11D0-8D11-00A0C91BC942}") = "RUN_TESTS", "RUN_TESTS.vcxproj", "{0EE00302-3941-330F-9A75-70B80F2E343B}"
	ProjectSection(ProjectDependencies) = postProject
		{A012C4AE-FFFD-36CB-8B06-E85D1C62EFCF} = {A012C4AE-FFFD-36CB-8B06-E85D1C62EFCF}
	EndProjectSection
EndProject
Project("{8BC9CEB8-8B4A-11D0-8D11-00A0C91BC942}") = "ZERO_CHECK", "ZERO_CHECK.vcxproj", "{A012C4AE-FFFD-36CB-8B06-E85D1C62EFCF}"
	ProjectSection(ProjectDependencies) = postProject
	EndProjectSection
EndProject
Global
	GlobalSection(SolutionConfigurationPlatforms) = preSolution
		Debug|x64 = Debug|x64
		Release|x64 = Release|x64
		MinSizeRel|x64 = MinSizeRel|x64
		RelWithDebInfo|x64 = RelWithDebInfo|x64
	EndGlobalSection
	GlobalSection(ProjectConfigurationPlatforms) = postSolution
		{243F709A-3EE8-3B14-B48E-3A7D06C5E278}.Debug|x64.ActiveCfg = Debug|x64
		{243F709A-3EE8-3B14-B48E-3A7D06C5E278}.Release|x64.ActiveCfg = Release|x64
		{243F709A-3EE8-3B14-B48E-3A7D06C5E278}.MinSizeRel|x64.ActiveCfg = MinSizeRel|x64
		{243F709A-3EE8-3B14-B48E-3A7D06C5E278}.RelWithDebInfo|x64.ActiveCfg = RelWithDebInfo|x64
		{5D929743-1F5D-3544-AE6F-4A3FDEB2C5CF}.Debug|x64.ActiveCfg = Debug|x64
		{5D929743-1F5D-3544-AE6F-4A3FDEB2C5CF}.Debug|x64.Build.0 = Debug|x64
		{5D929743-1F5D-3544-AE6F-4A3FDEB2C5CF}.Release|x64.ActiveCfg = Release|x64
		{5D929743-1F5D-3544-AE6F-4A3FDEB2C5CF}.Release|x64.Build.0 = Release|x64
		{5D929743-1F5D-3544-AE6F-4A3FDEB2C5CF}.MinSizeRel|x64.ActiveCfg = MinSizeRel|x64
		{5D929743-1F5D-3544-AE6F-4A3FDEB2C5CF}.MinSizeRel|x64.Build.0 = MinSizeRel|x64
		{5D929743-1F5D-3544-AE6F-4A3FDEB2C5CF}.RelWithDebInfo|x64.ActiveCfg = RelWithDebInfo|x64
		{5D929743-1F5D-3544-AE6F-4A3FDEB2C5CF}.RelWithDebInfo|x64.Build.0 = RelWithDebInfo|x64
		{2887456F-9159-32E1-BD9E-940C17FB2035}.Debug|x64.ActiveCfg = Debug|x64
		{2887456F-9159-32E1-BD9E-940C17FB2035}.Debug|x64.Build.0 = Debug|x64
		{2887456F-9159-32E1-BD9E-940C17FB2035}.Release|x64.ActiveCfg = Release|x64
		{2887456F-9159-32E1-BD9E-940C17FB2035}.Release|x64.Build.0 = Release|x64
		{2887456F-9159-32E1-BD9E-940C17FB2035}.MinSizeRel|x64.ActiveCfg = MinSizeRel|x64
		{2887456F-9159-32E1-BD9E-940C17FB2035}.MinSizeRel|x64.Build.0 = MinSizeRel|x64
		{2887456F-9159-32E1-BD9E-940C17FB2035}.RelWithDebInfo|x64.ActiveCfg = RelWithDebInfo|x64
		{2887456F-9159-32E1-BD9E-940C17FB2035}.RelWithDebInfo|x64.Build.0 = RelWithDebInfo|x64
		{5F3563F0-FCD6-3E78-863F-878525CAF7B4}.Debug|x64.ActiveCfg = Debug|x64
		{5F3563F0-FCD6-3E78-863F-878525CAF7B4}.Debug|x64.Build.0 = Debug|x64
		{5F3563F0-FCD6-3E78-863F-878525CAF7B4}.Release|x64.ActiveCfg = Release|x64
		{5F3563F0-FCD6-3E78-863F-878525CAF7B4}.Release|x64.Build.0 = Release|x64
		{5F3563F0-FCD6-3E78-863F-878525CAF7B4}.MinSizeRel|x64.ActiveCfg = MinSizeRel|x64
		{5F3563F0-FCD6-3E78-863F-878525CAF7B4}.MinSizeRel|x64.Build.0 = MinSizeRel|x64
		{5F3563F0-FCD6-3E78-863F-878525CAF7B4}.RelWithDebInfo|x64.ActiveCfg = RelWithDebInfo|x64
		{5F3563F0-FCD6-3E78-863F-878525CAF7B4}.RelWithDebInfo|x64.Build.0 = RelWithDebInfo|x64
		{0EE00302-3941-330F-9A75-70B80F2E343B}.Debug|x64.ActiveCfg = Debug|x64
		{0EE00302-3941-330F-9A75-70B80F2E343B}.Release|x64.ActiveCfg = Release|x64
		{0EE00302-3941-330F-9A75-70B80F2E343B}.MinSizeRel|x64.ActiveCfg = MinSizeRel|x64
		{0EE00302-3941-330F-9A75-70B80F2E343B}.RelWithDebInfo|x64.ActiveCfg = RelWithDebInfo|x64
		{A012C4AE-FFFD-36CB-8B06-E85D1C62EFCF}.Debug|x64.ActiveCfg = Debug|x64
		{A012C4AE-FFFD-36CB-8B06-E85D1C62EFCF}.Debug|x64.Build.0 = Debug|x64
		{A012C4AE-FFFD-36CB-8B06-E85D1C62EFCF}.Release|x64.ActiveCfg = Release|x64
		{A012C4AE-FFFD-36CB-8B06-E85D1C62EFCF}.Release|x64.Build.0 = Release|x64
		{A012C4AE-FFFD-36CB-8B06-E85D1C62EFCF}.MinSizeRel|x64.ActiveCfg = MinSizeRel|x64
		{A012C4AE-FFFD-36CB-8B06-E85D1C62EFCF}.MinSizeRel|x64.Build.0 = MinSizeRel|x64
		{A012C4AE-FFFD-36CB-8B06-E85D1C62EFCF}.RelWithDebInfo|x64.ActiveCfg = RelWithDebInfo|x64
		{A012C4AE-FFFD-36CB-8B06-E85D1C62EFCF}.RelWithDebInfo|x64.Build.0 = RelWithDebInfo|x64
	EndGlobalSection
	GlobalSection(ExtensibilityGlobals) = postSolution
		SolutionGuid = {92C8DD96-E9F8-35E6-A9B3-2AE8D34D89D7}
	EndGlobalSection
	GlobalSection(ExtensibilityAddIns) = postSolution
	EndGlobalSection
EndGlobal
