<?xml version="1.0" encoding="utf-8"?>
<Project ToolsVersion="17.0" xmlns="http://schemas.microsoft.com/developer/msbuild/2003">
  <ItemGroup>
    <ClCompile Include="E:\PhysiK\tests\PointConnectionTests.cpp">
      <Filter>Source Files</Filter>
    </ClCompile>
  </ItemGroup>
  <ItemGroup>
    <ClInclude Include="E:\PhysiK\include\PhysiK\API\Handles.h">
      <Filter>Public Headers\PhysiK\API</Filter>
    </ClInclude>
    <ClInclude Include="E:\PhysiK\include\PhysiK\API\PhysiKAPI.h">
      <Filter>Public Headers\PhysiK\API</Filter>
    </ClInclude>
    <ClInclude Include="E:\PhysiK\include\PhysiK\Math\AABB.h">
      <Filter>Public Headers\PhysiK\Math</Filter>
    </ClInclude>
    <ClInclude Include="E:\PhysiK\include\PhysiK\Math\CSRMatrix.h">
      <Filter>Public Headers\PhysiK\Math</Filter>
    </ClInclude>
    <ClInclude Include="E:\PhysiK\include\PhysiK\Math\Mat3.h">
      <Filter>Public Headers\PhysiK\Math</Filter>
    </ClInclude>
    <ClInclude Include="E:\PhysiK\include\PhysiK\Math\Quaternion.h">
      <Filter>Public Headers\PhysiK\Math</Filter>
    </ClInclude>
    <ClInclude Include="E:\PhysiK\include\PhysiK\Math\SparseBlockMatrix.h">
      <Filter>Public Headers\PhysiK\Math</Filter>
    </ClInclude>
    <ClInclude Include="E:\PhysiK\include\PhysiK\Math\Transform.h">
      <Filter>Public Headers\PhysiK\Math</Filter>
    </ClInclude>
    <ClInclude Include="E:\PhysiK\include\PhysiK\Math\Vec3.h">
      <Filter>Public Headers\PhysiK\Math</Filter>
    </ClInclude>
    <ClInclude Include="E:\PhysiK\include\PhysiK\Math\Vec4.h">
      <Filter>Public Headers\PhysiK\Math</Filter>
    </ClInclude>
    <ClInclude Include="E:\PhysiK\include\PhysiK\PhysicsData\Material.h">
      <Filter>Public Headers\PhysiK\PhysicsData</Filter>
    </ClInclude>
    <ClInclude Include="E:\PhysiK\include\PhysiK\PhysicsData\Node.h">
      <Filter>Public Headers\PhysiK\PhysicsData</Filter>
    </ClInclude>
    <ClInclude Include="E:\PhysiK\include\PhysiK\PhysicsData\Contact.h">
      <Filter>Public Headers\PhysiK\PhysicsData</Filter>
    </ClInclude>
    <ClInclude Include="E:\PhysiK\include\PhysiK\PhysicsData\Tet.h">
      <Filter>Public Headers\PhysiK\PhysicsData</Filter>
    </ClInclude>
    <ClInclude Include="E:\PhysiK\include\PhysiK\Components\Component.h">
      <Filter>Public Headers\PhysiK\Components</Filter>
    </ClInclude>
    <ClInclude Include="E:\PhysiK\include\PhysiK\Components\CollisionComponent.h">
      <Filter>Public Headers\PhysiK\Components</Filter>
    </ClInclude>
    <ClInclude Include="E:\PhysiK\include\PhysiK\Components\CollisionSphereComponent.h">
      <Filter>Public Headers\PhysiK\Components</Filter>
    </ClInclude>
    <ClInclude Include="E:\PhysiK\include\PhysiK\Components\TetMeshComponent.h">
      <Filter>Public Headers\PhysiK\Components</Filter>
    </ClInclude>
    <ClInclude Include="E:\PhysiK\include\PhysiK\Core\Collision\CollisionDetectionEngine.h">
      <Filter>Public Headers\PhysiK\Core\Collision</Filter>
    </ClInclude>
    <ClInclude Include="E:\PhysiK\include\PhysiK\Core\Physics\PhysicsModel.h">
      <Filter>Public Headers\PhysiK\Core\Physics</Filter>
    </ClInclude>
    <ClInclude Include="E:\PhysiK\include\PhysiK\Core\Physics\FEM\FEMModel.h">
      <Filter>Public Headers\PhysiK\Core\Physics\FEM</Filter>
    </ClInclude>
    <ClInclude Include="E:\PhysiK\include\PhysiK\Core\PhysicsConnections\PhysicsConnection.h">
      <Filter>Public Headers\PhysiK\Core\PhysicsConnections</Filter>
    </ClInclude>
    <ClInclude Include="E:\PhysiK\include\PhysiK\Core\PhysicsConnections\PointConnection.h">
      <Filter>Public Headers\PhysiK\Core\PhysicsConnections</Filter>
    </ClInclude>
    <ClInclude Include="E:\PhysiK\include\PhysiK\Core\PhysicsConnections\SurfaceConnection.h">
      <Filter>Public Headers\PhysiK\Core\PhysicsConnections</Filter>
    </ClInclude>
    <ClInclude Include="E:\PhysiK\include\PhysiK\Core\PhysicsConnections\LineConnection.h">
      <Filter>Public Headers\PhysiK\Core\PhysicsConnections</Filter>
    </ClInclude>
    <ClInclude Include="E:\PhysiK\include\PhysiK\Core\PhysicsConnections\RigidBodyConnection.h">
      <Filter>Public Headers\PhysiK\Core\PhysicsConnections</Filter>
    </ClInclude>
    <ClInclude Include="E:\PhysiK\include\PhysiK\Core\PhysicsConnections\RigidBodyOrientationConnection.h">
      <Filter>Public Headers\PhysiK\Core\PhysicsConnections</Filter>
    </ClInclude>
    <ClInclude Include="E:\PhysiK\include\PhysiK\Core\Solvers\Linear\ConjugateGradientSolver.h">
      <Filter>Public Headers\PhysiK\Core\Solvers\Linear</Filter>
    </ClInclude>
    <ClInclude Include="E:\PhysiK\include\PhysiK\Core\Solvers\Linear\DenseLinearSolver.h">
      <Filter>Public Headers\PhysiK\Core\Solvers\Linear</Filter>
    </ClInclude>
    <ClInclude Include="E:\PhysiK\include\PhysiK\Core\Solvers\Linear\LinearSolver.h">
      <Filter>Public Headers\PhysiK\Core\Solvers\Linear</Filter>
    </ClInclude>
    <ClInclude Include="E:\PhysiK\include\PhysiK\Core\Solvers\Linear\MKLLinearSolver.h">
      <Filter>Public Headers\PhysiK\Core\Solvers\Linear</Filter>
    </ClInclude>
    <ClInclude Include="E:\PhysiK\include\PhysiK\Core\Solvers\SolverData.h">
      <Filter>Public Headers\PhysiK\Core\Solvers</Filter>
    </ClInclude>
    <ClInclude Include="E:\PhysiK\include\PhysiK\Core\World\World.h">
      <Filter>Public Headers\PhysiK\Core\World</Filter>
    </ClInclude>
  </ItemGroup>
  <ItemGroup>
    <CustomBuild Include="E:\PhysiK\CMakeLists.txt" />
  </ItemGroup>
  <ItemGroup>
    <Filter Include="Public Headers">
      <UniqueIdentifier>{8333FECC-F486-39CC-AB1F-1A10E182133E}</UniqueIdentifier>
    </Filter>
    <Filter Include="Public Headers\PhysiK">
      <UniqueIdentifier>{D95D6803-6CF1-3E74-A401-1F9F46CED481}</UniqueIdentifier>
    </Filter>
    <Filter Include="Public Headers\PhysiK\API">
      <UniqueIdentifier>{D4EF03F9-8896-3021-81A2-23B6A245D2E1}</UniqueIdentifier>
    </Filter>
    <Filter Include="Public Headers\PhysiK\Components">
      <UniqueIdentifier>{7707A343-5961-3D71-876D-68343720418F}</UniqueIdentifier>
    </Filter>
    <Filter Include="Public Headers\PhysiK\Core">
      <UniqueIdentifier>{2F21D21C-0557-3FA5-ACCD-768C7C8FAAB2}</UniqueIdentifier>
    </Filter>
    <Filter Include="Public Headers\PhysiK\Core\Collision">
      <UniqueIdentifier>{C52823E5-7BFF-32D7-9479-1015F87E0F88}</UniqueIdentifier>
    </Filter>
    <Filter Include="Public Headers\PhysiK\Core\Physics">
      <UniqueIdentifier>{DAA06444-6441-3DDA-9127-8D99E2E35E33}</UniqueIdentifier>
    </Filter>
    <Filter Include="Public Headers\PhysiK\Core\PhysicsConnections">
      <UniqueIdentifier>{BE74D23B-2D6B-36E1-B7D8-24C77F41C717}</UniqueIdentifier>
    </Filter>
    <Filter Include="Public Headers\PhysiK\Core\Physics\FEM">
      <UniqueIdentifier>{696DED88-6EF0-359D-BD74-13697970A1E7}</UniqueIdentifier>
    </Filter>
    <Filter Include="Public Headers\PhysiK\Core\Solvers">
      <UniqueIdentifier>{F174BF3D-57BB-31D2-BD39-BF6A6276FF16}</UniqueIdentifier>
    </Filter>
    <Filter Include="Public Headers\PhysiK\Core\Solvers\Linear">
      <UniqueIdentifier>{591B567B-38DA-381A-B69E-B757BC97572D}</UniqueIdentifier>
    </Filter>
    <Filter Include="Public Headers\PhysiK\Core\World">
      <UniqueIdentifier>{A4C86475-85FB-33EF-9798-8ACB8F74C0C3}</UniqueIdentifier>
    </Filter>
    <Filter Include="Public Headers\PhysiK\Math">
      <UniqueIdentifier>{0CC18CF5-4FFC-35CB-B03F-F00CBC6C738B}</UniqueIdentifier>
    </Filter>
    <Filter Include="Public Headers\PhysiK\PhysicsData">
      <UniqueIdentifier>{30F103F9-6DF8-339F-9856-9C452B7F911B}</UniqueIdentifier>
    </Filter>
    <Filter Include="Source Files">
      <UniqueIdentifier>{2CCC5CDD-1B0A-33E2-B08E-29B0C5B3A14F}</UniqueIdentifier>
    </Filter>
  </ItemGroup>
</Project>
